
Microsoft Visual Studio Solution File, Format Version 12.00
# Visual Studio Version 16
VisualStudioVersion = 16.0.30320.27
MinimumVisualStudioVersion = 10.0.40219.1
Project("{FAE04EC0-301F-11D3-BF4B-00C04F79EFBC}") = "Inventory_Management_v1.0.3", "Inventory_Management_v1.0.3\Inventory_Management_v1.0.3.csproj", "{41B5CDFE-F384-4212-9822-7C008FE7BB91}"
EndProject
Project("{FAE04EC0-301F-11D3-BF4B-00C04F79EFBC}") = "Dashboard", "Dashboard\Dashboard.csproj", "{BDA42409-AF29-42CA-822F-D4393F983636}"
EndProject
Global
	GlobalSection(SolutionConfigurationPlatforms) = preSolution
		Debug|Any CPU = Debug|Any CPU
		Release|Any CPU = Release|Any CPU
	EndGlobalSection
	GlobalSection(ProjectConfigurationPlatforms) = postSolution
		{41B5CDFE-F384-4212-9822-7C008FE7BB91}.Debug|Any CPU.ActiveCfg = Debug|Any CPU
		{41B5CDFE-F384-4212-9822-7C008FE7BB91}.Debug|Any CPU.Build.0 = Debug|Any CPU
		{41B5CDFE-F384-4212-9822-7C008FE7BB91}.Release|Any CPU.ActiveCfg = Release|Any CPU
		{41B5CDFE-F384-4212-9822-7C008FE7BB91}.Release|Any CPU.Build.0 = Release|Any CPU
		{BDA42409-AF29-42CA-822F-D4393F983636}.Debug|Any CPU.ActiveCfg = Debug|Any CPU
		{BDA42409-AF29-42CA-822F-D4393F983636}.Debug|Any CPU.Build.0 = Debug|Any CPU
		{BDA42409-AF29-42CA-822F-D4393F983636}.Release|Any CPU.ActiveCfg = Release|Any CPU
		{BDA42409-AF29-42CA-822F-D4393F983636}.Release|Any CPU.Build.0 = Release|Any CPU
	EndGlobalSection
	GlobalSection(SolutionProperties) = preSolution
		HideSolutionNode = FALSE
	EndGlobalSection
	GlobalSection(ExtensibilityGlobals) = postSolution
		SolutionGuid = {46226415-3026-4718-8DF3-29BEBA92587C}
	EndGlobalSection
EndGlobal
